
Microsoft Visual Studio Solution File, Format Version 12.00
# Visual Studio Version 17
VisualStudioVersion = 17.3.32819.101
MinimumVisualStudioVersion = 10.0.40219.1
Project("{FAE04EC0-301F-11D3-BF4B-00C04F79EFBC}") = "winform_crud", "winform_crud\winform_crud.csproj", "{57FB9423-4E49-4E4E-A278-0B51C596579A}"
EndProject
Global
	GlobalSection(SolutionConfigurationPlatforms) = preSolution
		Debug|Any CPU = Debug|Any CPU
		Release|Any CPU = Release|Any CPU
	EndGlobalSection
	GlobalSection(ProjectConfigurationPlatforms) = postSolution
		{57FB9423-4E49-4E4E-A278-0B51C596579A}.Debug|Any CPU.ActiveCfg = Debug|Any CPU
		{57FB9423-4E49-4E4E-A278-0B51C596579A}.Debug|Any CPU.Build.0 = Debug|Any CPU
		{57FB9423-4E49-4E4E-A278-0B51C596579A}.Release|Any CPU.ActiveCfg = Release|Any CPU
		{57FB9423-4E49-4E4E-A278-0B51C596579A}.Release|Any CPU.Build.0 = Release|Any CPU
	EndGlobalSection
	GlobalSection(SolutionProperties) = preSolution
		HideSolutionNode = FALSE
	EndGlobalSection
	GlobalSection(ExtensibilityGlobals) = postSolution
		SolutionGuid = {88B52042-6E02-4705-9152-2D8C9250BD32}
	EndGlobalSection
EndGlobal
